
Microsoft Visual Studio Solution File, Format Version 12.00
# Visual Studio Version 17
VisualStudioVersion = 17.8.34525.116
MinimumVisualStudioVersion = 10.0.40219.1
Project("{FAE04EC0-301F-11D3-BF4B-00C04F79EFBC}") = "UserRegistrationApi", "UserRegistrationApi\UserRegistrationApi.csproj", "{F13E7042-D19B-4999-8958-966A51B9F2F9}"
EndProject
Global
	GlobalSection(SolutionConfigurationPlatforms) = preSolution
		Debug|Any CPU = Debug|Any CPU
		Release|Any CPU = Release|Any CPU
	EndGlobalSection
	GlobalSection(ProjectConfigurationPlatforms) = postSolution
		{F13E7042-D19B-4999-8958-966A51B9F2F9}.Debug|Any CPU.ActiveCfg = Debug|Any CPU
		{F13E7042-D19B-4999-8958-966A51B9F2F9}.Debug|Any CPU.Build.0 = Debug|Any CPU
		{F13E7042-D19B-4999-8958-966A51B9F2F9}.Release|Any CPU.ActiveCfg = Release|Any CPU
		{F13E7042-D19B-4999-8958-966A51B9F2F9}.Release|Any CPU.Build.0 = Release|Any CPU
	EndGlobalSection
	GlobalSection(SolutionProperties) = preSolution
		HideSolutionNode = FALSE
	EndGlobalSection
	GlobalSection(ExtensibilityGlobals) = postSolution
		SolutionGuid = {E6368399-BC93-4813-BBC4-F175198E16CE}
	EndGlobalSection
EndGlobal
